
Microsoft Visual Studio Solution File, Format Version 12.00
# Visual Studio Version 16
VisualStudioVersion = 16.0.28803.452
MinimumVisualStudioVersion = 10.0.40219.1
Project("{FAE04EC0-301F-11D3-BF4B-00C04F79EFBC}") = "Events.Web", "Events.Webv2\Events.Web.csproj", "{68922808-6041-4EF3-9F37-D63EC3A63AB9}"
EndProject
Project("{FAE04EC0-301F-11D3-BF4B-00C04F79EFBC}") = "Events.Data", "Events.DataV2\Events.Data.csproj", "{C650FFB0-976A-40EE-8ACE-7BBCE9F74237}"
EndProject
Global
	GlobalSection(SolutionConfigurationPlatforms) = preSolution
		Debug|Any CPU = Debug|Any CPU
		Release|Any CPU = Release|Any CPU
	EndGlobalSection
	GlobalSection(ProjectConfigurationPlatforms) = postSolution
		{68922808-6041-4EF3-9F37-D63EC3A63AB9}.Debug|Any CPU.ActiveCfg = Debug|Any CPU
		{68922808-6041-4EF3-9F37-D63EC3A63AB9}.Debug|Any CPU.Build.0 = Debug|Any CPU
		{68922808-6041-4EF3-9F37-D63EC3A63AB9}.Release|Any CPU.ActiveCfg = Release|Any CPU
		{68922808-6041-4EF3-9F37-D63EC3A63AB9}.Release|Any CPU.Build.0 = Release|Any CPU
		{C650FFB0-976A-40EE-8ACE-7BBCE9F74237}.Debug|Any CPU.ActiveCfg = Debug|Any CPU
		{C650FFB0-976A-40EE-8ACE-7BBCE9F74237}.Debug|Any CPU.Build.0 = Debug|Any CPU
		{C650FFB0-976A-40EE-8ACE-7BBCE9F74237}.Release|Any CPU.ActiveCfg = Release|Any CPU
		{C650FFB0-976A-40EE-8ACE-7BBCE9F74237}.Release|Any CPU.Build.0 = Release|Any CPU
	EndGlobalSection
	GlobalSection(SolutionProperties) = preSolution
		HideSolutionNode = FALSE
	EndGlobalSection
	GlobalSection(ExtensibilityGlobals) = postSolution
		SolutionGuid = {4278A2FC-4F5D-4203-A28F-E1ECA4E26840}
	EndGlobalSection
EndGlobal
